
Microsoft Visual Studio Solution File, Format Version 12.00
# Visual Studio 2012
Project("{FAE04EC0-301F-11D3-BF4B-00C04F79EFBC}") = "XML_Serialize_Console", "XML_Serialize_Console\XML_Serialize_Console.csproj", "{DF174E1E-9844-4EA6-87C2-AF5B9C7AAC3C}"
EndProject
Project("{FAE04EC0-301F-11D3-BF4B-00C04F79EFBC}") = "WriteXMLFromScratch_Console", "WriteXMLFromScratchConsole\WriteXMLFromScratch_Console.csproj", "{1D30CF6C-8839-4639-9FA5-4D75C9414D13}"
EndProject
Project("{FAE04EC0-301F-11D3-BF4B-00C04F79EFBC}") = "Read_XMLFile_Using_XmlDocument", "Read_XMLFile_Using_XmlDocument\Read_XMLFile_Using_XmlDocument.csproj", "{02CAC657-B537-49C2-BFD5-B32170865E1E}"
EndProject
Project("{FAE04EC0-301F-11D3-BF4B-00C04F79EFBC}") = "ReadXML_File_with_XmlReader", "ReadXML_File_with_XmlReader\ReadXML_File_with_XmlReader.csproj", "{9E070C45-39D9-4CB5-976A-B02727B0714D}"
EndProject
Global
	GlobalSection(SolutionConfigurationPlatforms) = preSolution
		Debug|Any CPU = Debug|Any CPU
		Release|Any CPU = Release|Any CPU
	EndGlobalSection
	GlobalSection(ProjectConfigurationPlatforms) = postSolution
		{DF174E1E-9844-4EA6-87C2-AF5B9C7AAC3C}.Debug|Any CPU.ActiveCfg = Debug|Any CPU
		{DF174E1E-9844-4EA6-87C2-AF5B9C7AAC3C}.Debug|Any CPU.Build.0 = Debug|Any CPU
		{DF174E1E-9844-4EA6-87C2-AF5B9C7AAC3C}.Release|Any CPU.ActiveCfg = Release|Any CPU
		{DF174E1E-9844-4EA6-87C2-AF5B9C7AAC3C}.Release|Any CPU.Build.0 = Release|Any CPU
		{1D30CF6C-8839-4639-9FA5-4D75C9414D13}.Debug|Any CPU.ActiveCfg = Debug|Any CPU
		{1D30CF6C-8839-4639-9FA5-4D75C9414D13}.Debug|Any CPU.Build.0 = Debug|Any CPU
		{1D30CF6C-8839-4639-9FA5-4D75C9414D13}.Release|Any CPU.ActiveCfg = Release|Any CPU
		{1D30CF6C-8839-4639-9FA5-4D75C9414D13}.Release|Any CPU.Build.0 = Release|Any CPU
		{02CAC657-B537-49C2-BFD5-B32170865E1E}.Debug|Any CPU.ActiveCfg = Debug|Any CPU
		{02CAC657-B537-49C2-BFD5-B32170865E1E}.Debug|Any CPU.Build.0 = Debug|Any CPU
		{02CAC657-B537-49C2-BFD5-B32170865E1E}.Release|Any CPU.ActiveCfg = Release|Any CPU
		{02CAC657-B537-49C2-BFD5-B32170865E1E}.Release|Any CPU.Build.0 = Release|Any CPU
		{9E070C45-39D9-4CB5-976A-B02727B0714D}.Debug|Any CPU.ActiveCfg = Debug|Any CPU
		{9E070C45-39D9-4CB5-976A-B02727B0714D}.Debug|Any CPU.Build.0 = Debug|Any CPU
		{9E070C45-39D9-4CB5-976A-B02727B0714D}.Release|Any CPU.ActiveCfg = Release|Any CPU
		{9E070C45-39D9-4CB5-976A-B02727B0714D}.Release|Any CPU.Build.0 = Release|Any CPU
	EndGlobalSection
	GlobalSection(SolutionProperties) = preSolution
		HideSolutionNode = FALSE
	EndGlobalSection
EndGlobal
